{
  "pins" : [
    {
      "identity" : "pluginbuilder",
      "kind" : "remoteSourceControl",
      "location" : "https://github.com/Lastivky/PluginBuilder.git",
      "state" : {
        "branch" : "test",
        "revision" : "285127e40893d20ca71209fe81bf7d69452db398"
      }
    }
  ],
  "version" : 2
}
